
Microsoft Visual Studio Solution File, Format Version 12.00
# Visual Studio 2012
Project("{FAE04EC0-301F-11D3-BF4B-00C04F79EFBC}") = "xamarin_101", "xamarin_101\xamarin_101.csproj", "{1F3BBF40-65D4-4081-82B2-0CD0885E2357}"
EndProject
Project("{FAE04EC0-301F-11D3-BF4B-00C04F79EFBC}") = "xamarin_101.iOS", "iOS\xamarin_101.iOS.csproj", "{918EB860-8D29-4E8A-B423-DAB926CFE747}"
EndProject
Project("{FAE04EC0-301F-11D3-BF4B-00C04F79EFBC}") = "xamarin_101.Droid", "Droid\xamarin_101.Droid.csproj", "{CD3CA247-89ED-4E1F-8DE7-30B769AF1EC1}"
EndProject
Global
	GlobalSection(SolutionConfigurationPlatforms) = preSolution
		Debug|Any CPU = Debug|Any CPU
		Release|Any CPU = Release|Any CPU
		Debug|iPhoneSimulator = Debug|iPhoneSimulator
		Release|iPhone = Release|iPhone
		Release|iPhoneSimulator = Release|iPhoneSimulator
		Debug|iPhone = Debug|iPhone
	EndGlobalSection
	GlobalSection(ProjectConfigurationPlatforms) = postSolution
		{1F3BBF40-65D4-4081-82B2-0CD0885E2357}.Debug|Any CPU.ActiveCfg = Debug|Any CPU
		{1F3BBF40-65D4-4081-82B2-0CD0885E2357}.Debug|Any CPU.Build.0 = Debug|Any CPU
		{1F3BBF40-65D4-4081-82B2-0CD0885E2357}.Release|Any CPU.ActiveCfg = Release|Any CPU
		{1F3BBF40-65D4-4081-82B2-0CD0885E2357}.Release|Any CPU.Build.0 = Release|Any CPU
		{1F3BBF40-65D4-4081-82B2-0CD0885E2357}.Debug|iPhoneSimulator.ActiveCfg = Debug|Any CPU
		{1F3BBF40-65D4-4081-82B2-0CD0885E2357}.Debug|iPhoneSimulator.Build.0 = Debug|Any CPU
		{1F3BBF40-65D4-4081-82B2-0CD0885E2357}.Release|iPhone.ActiveCfg = Release|Any CPU
		{1F3BBF40-65D4-4081-82B2-0CD0885E2357}.Release|iPhone.Build.0 = Release|Any CPU
		{1F3BBF40-65D4-4081-82B2-0CD0885E2357}.Release|iPhoneSimulator.ActiveCfg = Release|Any CPU
		{1F3BBF40-65D4-4081-82B2-0CD0885E2357}.Release|iPhoneSimulator.Build.0 = Release|Any CPU
		{1F3BBF40-65D4-4081-82B2-0CD0885E2357}.Debug|iPhone.ActiveCfg = Debug|Any CPU
		{1F3BBF40-65D4-4081-82B2-0CD0885E2357}.Debug|iPhone.Build.0 = Debug|Any CPU
		{918EB860-8D29-4E8A-B423-DAB926CFE747}.Debug|Any CPU.ActiveCfg = Debug|iPhoneSimulator
		{918EB860-8D29-4E8A-B423-DAB926CFE747}.Debug|Any CPU.Build.0 = Debug|iPhoneSimulator
		{918EB860-8D29-4E8A-B423-DAB926CFE747}.Release|Any CPU.ActiveCfg = Release|iPhone
		{918EB860-8D29-4E8A-B423-DAB926CFE747}.Release|Any CPU.Build.0 = Release|iPhone
		{918EB860-8D29-4E8A-B423-DAB926CFE747}.Debug|iPhoneSimulator.ActiveCfg = Debug|iPhoneSimulator
		{918EB860-8D29-4E8A-B423-DAB926CFE747}.Debug|iPhoneSimulator.Build.0 = Debug|iPhoneSimulator
		{918EB860-8D29-4E8A-B423-DAB926CFE747}.Release|iPhone.ActiveCfg = Release|iPhone
		{918EB860-8D29-4E8A-B423-DAB926CFE747}.Release|iPhone.Build.0 = Release|iPhone
		{918EB860-8D29-4E8A-B423-DAB926CFE747}.Release|iPhoneSimulator.ActiveCfg = Release|iPhoneSimulator
		{918EB860-8D29-4E8A-B423-DAB926CFE747}.Release|iPhoneSimulator.Build.0 = Release|iPhoneSimulator
		{918EB860-8D29-4E8A-B423-DAB926CFE747}.Debug|iPhone.ActiveCfg = Debug|iPhone
		{918EB860-8D29-4E8A-B423-DAB926CFE747}.Debug|iPhone.Build.0 = Debug|iPhone
		{CD3CA247-89ED-4E1F-8DE7-30B769AF1EC1}.Debug|Any CPU.ActiveCfg = Debug|Any CPU
		{CD3CA247-89ED-4E1F-8DE7-30B769AF1EC1}.Debug|Any CPU.Build.0 = Debug|Any CPU
		{CD3CA247-89ED-4E1F-8DE7-30B769AF1EC1}.Release|Any CPU.ActiveCfg = Release|Any CPU
		{CD3CA247-89ED-4E1F-8DE7-30B769AF1EC1}.Release|Any CPU.Build.0 = Release|Any CPU
		{CD3CA247-89ED-4E1F-8DE7-30B769AF1EC1}.Debug|iPhoneSimulator.ActiveCfg = Debug|Any CPU
		{CD3CA247-89ED-4E1F-8DE7-30B769AF1EC1}.Debug|iPhoneSimulator.Build.0 = Debug|Any CPU
		{CD3CA247-89ED-4E1F-8DE7-30B769AF1EC1}.Release|iPhone.ActiveCfg = Release|Any CPU
		{CD3CA247-89ED-4E1F-8DE7-30B769AF1EC1}.Release|iPhone.Build.0 = Release|Any CPU
		{CD3CA247-89ED-4E1F-8DE7-30B769AF1EC1}.Release|iPhoneSimulator.ActiveCfg = Release|Any CPU
		{CD3CA247-89ED-4E1F-8DE7-30B769AF1EC1}.Release|iPhoneSimulator.Build.0 = Release|Any CPU
		{CD3CA247-89ED-4E1F-8DE7-30B769AF1EC1}.Debug|iPhone.ActiveCfg = Debug|Any CPU
		{CD3CA247-89ED-4E1F-8DE7-30B769AF1EC1}.Debug|iPhone.Build.0 = Debug|Any CPU
	EndGlobalSection
EndGlobal
